PODS:
  - ErrorKing (0.1.0)

DEPENDENCIES:
  - ErrorKing (from `https://github.com/kingrocha/ErrorKing.git`)

EXTERNAL SOURCES:
  ErrorKing:
    :git: https://github.com/kingrocha/ErrorKing.git

CHECKOUT OPTIONS:
  ErrorKing:
    :commit: 4cb82a97092ec2c7d427f0764da5daf1c02cb251
    :git: https://github.com/kingrocha/ErrorKing.git

SPEC CHECKSUMS:
  ErrorKing: e9bf6dc6e3ab25721f5e1e520a3f413069c70b6b

PODFILE CHECKSUM: 4c6f16cf9dd6027c7843ec8059535451b1bc03bb

COCOAPODS: 1.0.1
