PODS:
  - ErrorKing (0.1.0)

DEPENDENCIES:
  - ErrorKing (from `https://github.com/kingrocha/ErrorKing.git`, branch `dev`)

EXTERNAL SOURCES:
  ErrorKing:
    :branch: dev
    :git: https://github.com/kingrocha/ErrorKing.git

CHECKOUT OPTIONS:
  ErrorKing:
    :commit: 1523c65fae7b4b7363406af14ef3893c134099d5
    :git: https://github.com/kingrocha/ErrorKing.git

SPEC CHECKSUMS:
  ErrorKing: 67676d444d4d5a24a3e6ca3bf49aa9f4e5a44bec

PODFILE CHECKSUM: 5f14ece6f1ab7d18cdf17679557190e6899cbebb

COCOAPODS: 1.0.1
