// !$*UTF8*$!
{
	archiveVersion = 1;
	classes = {
	};
	objectVersion = 46;
	objects = {

/* Begin PBXBuildFile section */
		FDF5AF881D625BE200783521 /* ErrorKingCarthage.h in Headers */ = {isa = PBXBuildFile; fileRef = FDF5AF871D625BE200783521 /* ErrorKingCarthage.h */; settings = {ATTRIBUTES = (Public, ); }; };
		FDF5AF8F1D625BE200783521 /* ErrorKingCarthage.framework in Frameworks */ = {isa = PBXBuildFile; fileRef = FDF5AF841D625BE100783521 /* ErrorKingCarthage.framework */; };
		FDF5AF941D625BE200783521 /* ErrorKingCarthageTests.swift in Sources */ = {isa = PBXBuildFile; fileRef = FDF5AF931D625BE200783521 /* ErrorKingCarthageTests.swift */; };
		FDF5AFAB1D625C1A00783521 /* EKAssets.xcassets in Resources */ = {isa = PBXBuildFile; fileRef = FDF5AFA01D625C1A00783521 /* EKAssets.xcassets */; };
		FDF5AFAD1D625C1A00783521 /* ErrorKingAlertController.swift in Sources */ = {isa = PBXBuildFile; fileRef = FDF5AFA41D625C1A00783521 /* ErrorKingAlertController.swift */; };
		FDF5AFAE1D625C1A00783521 /* ErrorKingNibLoadeable.swift in Sources */ = {isa = PBXBuildFile; fileRef = FDF5AFA51D625C1A00783521 /* ErrorKingNibLoadeable.swift */; };
		FDF5AFAF1D625C1A00783521 /* ErrorProne.swift in Sources */ = {isa = PBXBuildFile; fileRef = FDF5AFA61D625C1A00783521 /* ErrorProne.swift */; };
		FDF5AFB01D625C1A00783521 /* ErrorKingEmptyStateView.swift in Sources */ = {isa = PBXBuildFile; fileRef = FDF5AFA81D625C1A00783521 /* ErrorKingEmptyStateView.swift */; };
		FDF5AFB11D625C1A00783521 /* ErrorKingEmptyStateView.xib in Resources */ = {isa = PBXBuildFile; fileRef = FDF5AFA91D625C1A00783521 /* ErrorKingEmptyStateView.xib */; };
/* End PBXBuildFile section */

/* Begin PBXContainerItemProxy section */
		FDF5AF901D625BE200783521 /* PBXContainerItemProxy */ = {
			isa = PBXContainerItemProxy;
			containerPortal = FDF5AF7B1D625BE100783521 /* Project object */;
			proxyType = 1;
			remoteGlobalIDString = FDF5AF831D625BE100783521;
			remoteInfo = ErrorKingCarthage;
		};
/* End PBXContainerItemProxy section */

/* Begin PBXFileReference section */
		FDF5AF841D625BE100783521 /* ErrorKingCarthage.framework */ = {isa = PBXFileReference; explicitFileType = wrapper.framework; includeInIndex = 0; path = ErrorKingCarthage.framework; sourceTree = BUILT_PRODUCTS_DIR; };
		FDF5AF871D625BE200783521 /* ErrorKingCarthage.h */ = {isa = PBXFileReference; lastKnownFileType = sourcecode.c.h; path = ErrorKingCarthage.h; sourceTree = "<group>"; };
		FDF5AF891D625BE200783521 /* Info.plist */ = {isa = PBXFileReference; lastKnownFileType = text.plist.xml; path = Info.plist; sourceTree = "<group>"; };
		FDF5AF8E1D625BE200783521 /* ErrorKingCarthageTests.xctest */ = {isa = PBXFileReference; explicitFileType = wrapper.cfbundle; includeInIndex = 0; path = ErrorKingCarthageTests.xctest; sourceTree = BUILT_PRODUCTS_DIR; };
		FDF5AF931D625BE200783521 /* ErrorKingCarthageTests.swift */ = {isa = PBXFileReference; lastKnownFileType = sourcecode.swift; path = ErrorKingCarthageTests.swift; sourceTree = "<group>"; };
		FDF5AF951D625BE200783521 /* Info.plist */ = {isa = PBXFileReference; lastKnownFileType = text.plist.xml; path = Info.plist; sourceTree = "<group>"; };
		FDF5AFA01D625C1A00783521 /* EKAssets.xcassets */ = {isa = PBXFileReference; lastKnownFileType = folder.assetcatalog; path = EKAssets.xcassets; sourceTree = "<group>"; };
		FDF5AFA41D625C1A00783521 /* ErrorKingAlertController.swift */ = {isa = PBXFileReference; fileEncoding = 4; lastKnownFileType = sourcecode.swift; path = ErrorKingAlertController.swift; sourceTree = "<group>"; };
		FDF5AFA51D625C1A00783521 /* ErrorKingNibLoadeable.swift */ = {isa = PBXFileReference; fileEncoding = 4; lastKnownFileType = sourcecode.swift; path = ErrorKingNibLoadeable.swift; sourceTree = "<group>"; };
		FDF5AFA61D625C1A00783521 /* ErrorProne.swift */ = {isa = PBXFileReference; fileEncoding = 4; lastKnownFileType = sourcecode.swift; path = ErrorProne.swift; sourceTree = "<group>"; };
		FDF5AFA81D625C1A00783521 /* ErrorKingEmptyStateView.swift */ = {isa = PBXFileReference; fileEncoding = 4; lastKnownFileType = sourcecode.swift; path = ErrorKingEmptyStateView.swift; sourceTree = "<group>"; };
		FDF5AFA91D625C1A00783521 /* ErrorKingEmptyStateView.xib */ = {isa = PBXFileReference; fileEncoding = 4; lastKnownFileType = file.xib; path = ErrorKingEmptyStateView.xib; sourceTree = "<group>"; };
/* End PBXFileReference section */

/* Begin PBXFrameworksBuildPhase section */
		FDF5AF801D625BE100783521 /* Frameworks */ = {
			isa = PBXFrameworksBuildPhase;
			buildActionMask = 2147483647;
			files = (
			);
			runOnlyForDeploymentPostprocessing = 0;
		};
		FDF5AF8B1D625BE200783521 /* Frameworks */ = {
			isa = PBXFrameworksBuildPhase;
			buildActionMask = 2147483647;
			files = (
				FDF5AF8F1D625BE200783521 /* ErrorKingCarthage.framework in Frameworks */,
			);
			runOnlyForDeploymentPostprocessing = 0;
		};
/* End PBXFrameworksBuildPhase section */

/* Begin PBXGroup section */
		FDF5AF7A1D625BE100783521 = {
			isa = PBXGroup;
			children = (
				FDF5AF9E1D625C1A00783521 /* Assets */,
				FDF5AFA11D625C1A00783521 /* Classes */,
				FDF5AF861D625BE200783521 /* ErrorKingCarthage */,
				FDF5AF921D625BE200783521 /* ErrorKingCarthageTests */,
				FDF5AF851D625BE100783521 /* Products */,
			);
			sourceTree = "<group>";
		};
		FDF5AF851D625BE100783521 /* Products */ = {
			isa = PBXGroup;
			children = (
				FDF5AF841D625BE100783521 /* ErrorKingCarthage.framework */,
				FDF5AF8E1D625BE200783521 /* ErrorKingCarthageTests.xctest */,
			);
			name = Products;
			sourceTree = "<group>";
		};
		FDF5AF861D625BE200783521 /* ErrorKingCarthage */ = {
			isa = PBXGroup;
			children = (
				FDF5AF871D625BE200783521 /* ErrorKingCarthage.h */,
				FDF5AF891D625BE200783521 /* Info.plist */,
			);
			path = ErrorKingCarthage;
			sourceTree = "<group>";
		};
		FDF5AF921D625BE200783521 /* ErrorKingCarthageTests */ = {
			isa = PBXGroup;
			children = (
				FDF5AF931D625BE200783521 /* ErrorKingCarthageTests.swift */,
				FDF5AF951D625BE200783521 /* Info.plist */,
			);
			path = ErrorKingCarthageTests;
			sourceTree = "<group>";
		};
		FDF5AF9E1D625C1A00783521 /* Assets */ = {
			isa = PBXGroup;
			children = (
				FDF5AFA01D625C1A00783521 /* EKAssets.xcassets */,
			);
			name = Assets;
			path = ErrorKing/Assets;
			sourceTree = "<group>";
		};
		FDF5AFA11D625C1A00783521 /* Classes */ = {
			isa = PBXGroup;
			children = (
				FDF5AFA31D625C1A00783521 /* Model */,
				FDF5AFA71D625C1A00783521 /* View */,
			);
			name = Classes;
			path = ErrorKing/Classes;
			sourceTree = "<group>";
		};
		FDF5AFA31D625C1A00783521 /* Model */ = {
			isa = PBXGroup;
			children = (
				FDF5AFA41D625C1A00783521 /* ErrorKingAlertController.swift */,
				FDF5AFA51D625C1A00783521 /* ErrorKingNibLoadeable.swift */,
				FDF5AFA61D625C1A00783521 /* ErrorProne.swift */,
			);
			path = Model;
			sourceTree = "<group>";
		};
		FDF5AFA71D625C1A00783521 /* View */ = {
			isa = PBXGroup;
			children = (
				FDF5AFA81D625C1A00783521 /* ErrorKingEmptyStateView.swift */,
				FDF5AFA91D625C1A00783521 /* ErrorKingEmptyStateView.xib */,
			);
			path = View;
			sourceTree = "<group>";
		};
/* End PBXGroup section */

/* Begin PBXHeadersBuildPhase section */
		FDF5AF811D625BE100783521 /* Headers */ = {
			isa = PBXHeadersBuildPhase;
			buildActionMask = 2147483647;
			files = (
				FDF5AF881D625BE200783521 /* ErrorKingCarthage.h in Headers */,
			);
			runOnlyForDeploymentPostprocessing = 0;
		};
/* End PBXHeadersBuildPhase section */

/* Begin PBXNativeTarget section */
		FDF5AF831D625BE100783521 /* ErrorKingCarthage */ = {
			isa = PBXNativeTarget;
			buildConfigurationList = FDF5AF981D625BE200783521 /* Build configuration list for PBXNativeTarget "ErrorKingCarthage" */;
			buildPhases = (
				FDF5AF7F1D625BE100783521 /* Sources */,
				FDF5AF801D625BE100783521 /* Frameworks */,
				FDF5AF811D625BE100783521 /* Headers */,
				FDF5AF821D625BE100783521 /* Resources */,
			);
			buildRules = (
			);
			dependencies = (
			);
			name = ErrorKingCarthage;
			productName = ErrorKingCarthage;
			productReference = FDF5AF841D625BE100783521 /* ErrorKingCarthage.framework */;
			productType = "com.apple.product-type.framework";
		};
		FDF5AF8D1D625BE200783521 /* ErrorKingCarthageTests */ = {
			isa = PBXNativeTarget;
			buildConfigurationList = FDF5AF9B1D625BE200783521 /* Build configuration list for PBXNativeTarget "ErrorKingCarthageTests" */;
			buildPhases = (
				FDF5AF8A1D625BE200783521 /* Sources */,
				FDF5AF8B1D625BE200783521 /* Frameworks */,
				FDF5AF8C1D625BE200783521 /* Resources */,
			);
			buildRules = (
			);
			dependencies = (
				FDF5AF911D625BE200783521 /* PBXTargetDependency */,
			);
			name = ErrorKingCarthageTests;
			productName = ErrorKingCarthageTests;
			productReference = FDF5AF8E1D625BE200783521 /* ErrorKingCarthageTests.xctest */;
			productType = "com.apple.product-type.bundle.unit-test";
		};
/* End PBXNativeTarget section */

/* Begin PBXProject section */
		FDF5AF7B1D625BE100783521 /* Project object */ = {
			isa = PBXProject;
			attributes = {
				LastSwiftUpdateCheck = 0730;
				LastUpgradeCheck = 0730;
				ORGANIZATIONNAME = Movile;
				TargetAttributes = {
					FDF5AF831D625BE100783521 = {
						CreatedOnToolsVersion = 7.3.1;
					};
					FDF5AF8D1D625BE200783521 = {
						CreatedOnToolsVersion = 7.3.1;
					};
				};
			};
			buildConfigurationList = FDF5AF7E1D625BE100783521 /* Build configuration list for PBXProject "ErrorKingCarthage" */;
			compatibilityVersion = "Xcode 3.2";
			developmentRegion = English;
			hasScannedForEncodings = 0;
			knownRegions = (
				en,
			);
			mainGroup = FDF5AF7A1D625BE100783521;
			productRefGroup = FDF5AF851D625BE100783521 /* Products */;
			projectDirPath = "";
			projectRoot = "";
			targets = (
				FDF5AF831D625BE100783521 /* ErrorKingCarthage */,
				FDF5AF8D1D625BE200783521 /* ErrorKingCarthageTests */,
			);
		};
/* End PBXProject section */

/* Begin PBXResourcesBuildPhase section */
		FDF5AF821D625BE100783521 /* Resources */ = {
			isa = PBXResourcesBuildPhase;
			buildActionMask = 2147483647;
			files = (
				FDF5AFAB1D625C1A00783521 /* EKAssets.xcassets in Resources */,
				FDF5AFB11D625C1A00783521 /* ErrorKingEmptyStateView.xib in Resources */,
			);
			runOnlyForDeploymentPostprocessing = 0;
		};
		FDF5AF8C1D625BE200783521 /* Resources */ = {
			isa = PBXResourcesBuildPhase;
			buildActionMask = 2147483647;
			files = (
			);
			runOnlyForDeploymentPostprocessing = 0;
		};
/* End PBXResourcesBuildPhase section */

/* Begin PBXSourcesBuildPhase section */
		FDF5AF7F1D625BE100783521 /* Sources */ = {
			isa = PBXSourcesBuildPhase;
			buildActionMask = 2147483647;
			files = (
				FDF5AFAD1D625C1A00783521 /* ErrorKingAlertController.swift in Sources */,
				FDF5AFAE1D625C1A00783521 /* ErrorKingNibLoadeable.swift in Sources */,
				FDF5AFB01D625C1A00783521 /* ErrorKingEmptyStateView.swift in Sources */,
				FDF5AFAF1D625C1A00783521 /* ErrorProne.swift in Sources */,
			);
			runOnlyForDeploymentPostprocessing = 0;
		};
		FDF5AF8A1D625BE200783521 /* Sources */ = {
			isa = PBXSourcesBuildPhase;
			buildActionMask = 2147483647;
			files = (
				FDF5AF941D625BE200783521 /* ErrorKingCarthageTests.swift in Sources */,
			);
			runOnlyForDeploymentPostprocessing = 0;
		};
/* End PBXSourcesBuildPhase section */

/* Begin PBXTargetDependency section */
		FDF5AF911D625BE200783521 /* PBXTargetDependency */ = {
			isa = PBXTargetDependency;
			target = FDF5AF831D625BE100783521 /* ErrorKingCarthage */;
			targetProxy = FDF5AF901D625BE200783521 /* PBXContainerItemProxy */;
		};
/* End PBXTargetDependency section */

/* Begin XCBuildConfiguration section */
		FDF5AF961D625BE200783521 /* Debug */ = {
			isa = XCBuildConfiguration;
			buildSettings = {
				ALWAYS_SEARCH_USER_PATHS = NO;
				CLANG_ANALYZER_NONNULL = YES;
				CLANG_CXX_LANGUAGE_STANDARD = "gnu++0x";
				CLANG_CXX_LIBRARY = "libc++";
				CLANG_ENABLE_MODULES = YES;
				CLANG_ENABLE_OBJC_ARC = YES;
				CLANG_WARN_BOOL_CONVERSION = YES;
				CLANG_WARN_CONSTANT_CONVERSION = YES;
				CLANG_WARN_DIRECT_OBJC_ISA_USAGE = YES_ERROR;
				CLANG_WARN_EMPTY_BODY = YES;
				CLANG_WARN_ENUM_CONVERSION = YES;
				CLANG_WARN_INT_CONVERSION = YES;
				CLANG_WARN_OBJC_ROOT_CLASS = YES_ERROR;
				CLANG_WARN_UNREACHABLE_CODE = YES;
				CLANG_WARN__DUPLICATE_METHOD_MATCH = YES;
				"CODE_SIGN_IDENTITY[sdk=iphoneos*]" = "iPhone Developer";
				COPY_PHASE_STRIP = NO;
				CURRENT_PROJECT_VERSION = 1;
				DEBUG_INFORMATION_FORMAT = dwarf;
				ENABLE_STRICT_OBJC_MSGSEND = YES;
				ENABLE_TESTABILITY = YES;
				GCC_C_LANGUAGE_STANDARD = gnu99;
				GCC_DYNAMIC_NO_PIC = NO;
				GCC_NO_COMMON_BLOCKS = YES;
				GCC_OPTIMIZATION_LEVEL = 0;
				GCC_PREPROCESSOR_DEFINITIONS = (
					"DEBUG=1",
					"$(inherited)",
				);
				GCC_WARN_64_TO_32_BIT_CONVERSION = YES;
				GCC_WARN_ABOUT_RETURN_TYPE = YES_ERROR;
				GCC_WARN_UNDECLARED_SELECTOR = YES;
				GCC_WARN_UNINITIALIZED_AUTOS = YES_AGGRESSIVE;
				GCC_WARN_UNUSED_FUNCTION = YES;
				GCC_WARN_UNUSED_VARIABLE = YES;
				IPHONEOS_DEPLOYMENT_TARGET = 9.3;
				MTL_ENABLE_DEBUG_INFO = YES;
				ONLY_ACTIVE_ARCH = YES;
				SDKROOT = iphoneos;
				SWIFT_OPTIMIZATION_LEVEL = "-Onone";
				TARGETED_DEVICE_FAMILY = "1,2";
				VERSIONING_SYSTEM = "apple-generic";
				VERSION_INFO_PREFIX = "";
			};
			name = Debug;
		};
		FDF5AF971D625BE200783521 /* Release */ = {
			isa = XCBuildConfiguration;
			buildSettings = {
				ALWAYS_SEARCH_USER_PATHS = NO;
				CLANG_ANALYZER_NONNULL = YES;
				CLANG_CXX_LANGUAGE_STANDARD = "gnu++0x";
				CLANG_CXX_LIBRARY = "libc++";
				CLANG_ENABLE_MODULES = YES;
				CLANG_ENABLE_OBJC_ARC = YES;
				CLANG_WARN_BOOL_CONVERSION = YES;
				CLANG_WARN_CONSTANT_CONVERSION = YES;
				CLANG_WARN_DIRECT_OBJC_ISA_USAGE = YES_ERROR;
				CLANG_WARN_EMPTY_BODY = YES;
				CLANG_WARN_ENUM_CONVERSION = YES;
				CLANG_WARN_INT_CONVERSION = YES;
				CLANG_WARN_OBJC_ROOT_CLASS = YES_ERROR;
				CLANG_WARN_UNREACHABLE_CODE = YES;
				CLANG_WARN__DUPLICATE_METHOD_MATCH = YES;
				"CODE_SIGN_IDENTITY[sdk=iphoneos*]" = "iPhone Developer";
				COPY_PHASE_STRIP = NO;
				CURRENT_PROJECT_VERSION = 1;
				DEBUG_INFORMATION_FORMAT = "dwarf-with-dsym";
				ENABLE_NS_ASSERTIONS = NO;
				ENABLE_STRICT_OBJC_MSGSEND = YES;
				GCC_C_LANGUAGE_STANDARD = gnu99;
				GCC_NO_COMMON_BLOCKS = YES;
				GCC_WARN_64_TO_32_BIT_CONVERSION = YES;
				GCC_WARN_ABOUT_RETURN_TYPE = YES_ERROR;
				GCC_WARN_UNDECLARED_SELECTOR = YES;
				GCC_WARN_UNINITIALIZED_AUTOS = YES_AGGRESSIVE;
				GCC_WARN_UNUSED_FUNCTION = YES;
				GCC_WARN_UNUSED_VARIABLE = YES;
				IPHONEOS_DEPLOYMENT_TARGET = 9.3;
				MTL_ENABLE_DEBUG_INFO = NO;
				SDKROOT = iphoneos;
				TARGETED_DEVICE_FAMILY = "1,2";
				VALIDATE_PRODUCT = YES;
				VERSIONING_SYSTEM = "apple-generic";
				VERSION_INFO_PREFIX = "";
			};
			name = Release;
		};
		FDF5AF991D625BE200783521 /* Debug */ = {
			isa = XCBuildConfiguration;
			buildSettings = {
				DEFINES_MODULE = YES;
				DYLIB_COMPATIBILITY_VERSION = 1;
				DYLIB_CURRENT_VERSION = 1;
				DYLIB_INSTALL_NAME_BASE = "@rpath";
				INFOPLIST_FILE = ErrorKingCarthage/Info.plist;
				INSTALL_PATH = "$(LOCAL_LIBRARY_DIR)/Frameworks";
				LD_RUNPATH_SEARCH_PATHS = "$(inherited) @executable_path/Frameworks @loader_path/Frameworks";
				PRODUCT_BUNDLE_IDENTIFIER = com.brunorocha.ErrorKingCarthage;
				PRODUCT_NAME = "$(TARGET_NAME)";
				SKIP_INSTALL = YES;
			};
			name = Debug;
		};
		FDF5AF9A1D625BE200783521 /* Release */ = {
			isa = XCBuildConfiguration;
			buildSettings = {
				DEFINES_MODULE = YES;
				DYLIB_COMPATIBILITY_VERSION = 1;
				DYLIB_CURRENT_VERSION = 1;
				DYLIB_INSTALL_NAME_BASE = "@rpath";
				INFOPLIST_FILE = ErrorKingCarthage/Info.plist;
				INSTALL_PATH = "$(LOCAL_LIBRARY_DIR)/Frameworks";
				LD_RUNPATH_SEARCH_PATHS = "$(inherited) @executable_path/Frameworks @loader_path/Frameworks";
				PRODUCT_BUNDLE_IDENTIFIER = com.brunorocha.ErrorKingCarthage;
				PRODUCT_NAME = "$(TARGET_NAME)";
				SKIP_INSTALL = YES;
			};
			name = Release;
		};
		FDF5AF9C1D625BE200783521 /* Debug */ = {
			isa = XCBuildConfiguration;
			buildSettings = {
				INFOPLIST_FILE = ErrorKingCarthageTests/Info.plist;
				LD_RUNPATH_SEARCH_PATHS = "$(inherited) @executable_path/Frameworks @loader_path/Frameworks";
				PRODUCT_BUNDLE_IDENTIFIER = com.brunorocha.ErrorKingCarthageTests;
				PRODUCT_NAME = "$(TARGET_NAME)";
			};
			name = Debug;
		};
		FDF5AF9D1D625BE200783521 /* Release */ = {
			isa = XCBuildConfiguration;
			buildSettings = {
				INFOPLIST_FILE = ErrorKingCarthageTests/Info.plist;
				LD_RUNPATH_SEARCH_PATHS = "$(inherited) @executable_path/Frameworks @loader_path/Frameworks";
				PRODUCT_BUNDLE_IDENTIFIER = com.brunorocha.ErrorKingCarthageTests;
				PRODUCT_NAME = "$(TARGET_NAME)";
			};
			name = Release;
		};
/* End XCBuildConfiguration section */

/* Begin XCConfigurationList section */
		FDF5AF7E1D625BE100783521 /* Build configuration list for PBXProject "ErrorKingCarthage" */ = {
			isa = XCConfigurationList;
			buildConfigurations = (
				FDF5AF961D625BE200783521 /* Debug */,
				FDF5AF971D625BE200783521 /* Release */,
			);
			defaultConfigurationIsVisible = 0;
			defaultConfigurationName = Release;
		};
		FDF5AF981D625BE200783521 /* Build configuration list for PBXNativeTarget "ErrorKingCarthage" */ = {
			isa = XCConfigurationList;
			buildConfigurations = (
				FDF5AF991D625BE200783521 /* Debug */,
				FDF5AF9A1D625BE200783521 /* Release */,
			);
			defaultConfigurationIsVisible = 0;
			defaultConfigurationName = Release;
		};
		FDF5AF9B1D625BE200783521 /* Build configuration list for PBXNativeTarget "ErrorKingCarthageTests" */ = {
			isa = XCConfigurationList;
			buildConfigurations = (
				FDF5AF9C1D625BE200783521 /* Debug */,
				FDF5AF9D1D625BE200783521 /* Release */,
			);
			defaultConfigurationIsVisible = 0;
			defaultConfigurationName = Release;
		};
/* End XCConfigurationList section */
	};
	rootObject = FDF5AF7B1D625BE100783521 /* Project object */;
}
