// !$*UTF8*$!
{
	archiveVersion = 1;
	classes = {
	};
	objectVersion = 46;
	objects = {

/* Begin PBXBuildFile section */
		A31D4A611D5FD2CC009E82F3 /* ErrorProne.swift in Sources */ = {isa = PBXBuildFile; fileRef = A3BF4A841D5F5C9100EA9C9D /* ErrorProne.swift */; };
		A31D4A631D5FD690009E82F3 /* ErrorKingNibLoadeable.swift in Sources */ = {isa = PBXBuildFile; fileRef = A31D4A621D5FD690009E82F3 /* ErrorKingNibLoadeable.swift */; };
		A31D4A651D5FD6EA009E82F3 /* ErrorKing.swift in Sources */ = {isa = PBXBuildFile; fileRef = A31D4A641D5FD6EA009E82F3 /* ErrorKing.swift */; };
		A3BF4A571D5F5C8300EA9C9D /* AppDelegate.swift in Sources */ = {isa = PBXBuildFile; fileRef = A3BF4A561D5F5C8300EA9C9D /* AppDelegate.swift */; };
		A3BF4A591D5F5C8300EA9C9D /* ViewController.swift in Sources */ = {isa = PBXBuildFile; fileRef = A3BF4A581D5F5C8300EA9C9D /* ViewController.swift */; };
		A3BF4A5C1D5F5C8300EA9C9D /* Main.storyboard in Resources */ = {isa = PBXBuildFile; fileRef = A3BF4A5A1D5F5C8300EA9C9D /* Main.storyboard */; };
		A3BF4A5E1D5F5C8300EA9C9D /* Assets.xcassets in Resources */ = {isa = PBXBuildFile; fileRef = A3BF4A5D1D5F5C8300EA9C9D /* Assets.xcassets */; };
		A3BF4A611D5F5C8300EA9C9D /* LaunchScreen.storyboard in Resources */ = {isa = PBXBuildFile; fileRef = A3BF4A5F1D5F5C8300EA9C9D /* LaunchScreen.storyboard */; };
		A3BF4A6C1D5F5C8300EA9C9D /* ErrorKingExampleTests.swift in Sources */ = {isa = PBXBuildFile; fileRef = A3BF4A6B1D5F5C8300EA9C9D /* ErrorKingExampleTests.swift */; };
		A3BF4A771D5F5C8300EA9C9D /* ErrorKingExampleUITests.swift in Sources */ = {isa = PBXBuildFile; fileRef = A3BF4A761D5F5C8300EA9C9D /* ErrorKingExampleUITests.swift */; };
		A3BF4A881D5F6E4500EA9C9D /* ErrorKingEmptyStateView.xib in Resources */ = {isa = PBXBuildFile; fileRef = A3BF4A861D5F6E4500EA9C9D /* ErrorKingEmptyStateView.xib */; };
		A3BF4A891D5F6E4500EA9C9D /* ErrorKingEmptyStateView.swift in Sources */ = {isa = PBXBuildFile; fileRef = A3BF4A871D5F6E4500EA9C9D /* ErrorKingEmptyStateView.swift */; };
		A3BF4A8B1D5F6F8B00EA9C9D /* ErrorKingAlertController.swift in Sources */ = {isa = PBXBuildFile; fileRef = A3BF4A8A1D5F6F8B00EA9C9D /* ErrorKingAlertController.swift */; };
/* End PBXBuildFile section */

/* Begin PBXContainerItemProxy section */
		A3BF4A681D5F5C8300EA9C9D /* PBXContainerItemProxy */ = {
			isa = PBXContainerItemProxy;
			containerPortal = A3BF4A4B1D5F5C8300EA9C9D /* Project object */;
			proxyType = 1;
			remoteGlobalIDString = A3BF4A521D5F5C8300EA9C9D;
			remoteInfo = ErrorKingExample;
		};
		A3BF4A731D5F5C8300EA9C9D /* PBXContainerItemProxy */ = {
			isa = PBXContainerItemProxy;
			containerPortal = A3BF4A4B1D5F5C8300EA9C9D /* Project object */;
			proxyType = 1;
			remoteGlobalIDString = A3BF4A521D5F5C8300EA9C9D;
			remoteInfo = ErrorKingExample;
		};
/* End PBXContainerItemProxy section */

/* Begin PBXFileReference section */
		A31D4A621D5FD690009E82F3 /* ErrorKingNibLoadeable.swift */ = {isa = PBXFileReference; fileEncoding = 4; lastKnownFileType = sourcecode.swift; path = ErrorKingNibLoadeable.swift; sourceTree = "<group>"; };
		A31D4A641D5FD6EA009E82F3 /* ErrorKing.swift */ = {isa = PBXFileReference; fileEncoding = 4; lastKnownFileType = sourcecode.swift; path = ErrorKing.swift; sourceTree = "<group>"; };
		A3BF4A531D5F5C8300EA9C9D /* ErrorKingExample.app */ = {isa = PBXFileReference; explicitFileType = wrapper.application; includeInIndex = 0; path = ErrorKingExample.app; sourceTree = BUILT_PRODUCTS_DIR; };
		A3BF4A561D5F5C8300EA9C9D /* AppDelegate.swift */ = {isa = PBXFileReference; lastKnownFileType = sourcecode.swift; path = AppDelegate.swift; sourceTree = "<group>"; };
		A3BF4A581D5F5C8300EA9C9D /* ViewController.swift */ = {isa = PBXFileReference; lastKnownFileType = sourcecode.swift; path = ViewController.swift; sourceTree = "<group>"; };
		A3BF4A5B1D5F5C8300EA9C9D /* Base */ = {isa = PBXFileReference; lastKnownFileType = file.storyboard; name = Base; path = Base.lproj/Main.storyboard; sourceTree = "<group>"; };
		A3BF4A5D1D5F5C8300EA9C9D /* Assets.xcassets */ = {isa = PBXFileReference; lastKnownFileType = folder.assetcatalog; path = Assets.xcassets; sourceTree = "<group>"; };
		A3BF4A601D5F5C8300EA9C9D /* Base */ = {isa = PBXFileReference; lastKnownFileType = file.storyboard; name = Base; path = Base.lproj/LaunchScreen.storyboard; sourceTree = "<group>"; };
		A3BF4A621D5F5C8300EA9C9D /* Info.plist */ = {isa = PBXFileReference; lastKnownFileType = text.plist.xml; path = Info.plist; sourceTree = "<group>"; };
		A3BF4A671D5F5C8300EA9C9D /* ErrorKingExampleTests.xctest */ = {isa = PBXFileReference; explicitFileType = wrapper.cfbundle; includeInIndex = 0; path = ErrorKingExampleTests.xctest; sourceTree = BUILT_PRODUCTS_DIR; };
		A3BF4A6B1D5F5C8300EA9C9D /* ErrorKingExampleTests.swift */ = {isa = PBXFileReference; lastKnownFileType = sourcecode.swift; path = ErrorKingExampleTests.swift; sourceTree = "<group>"; };
		A3BF4A6D1D5F5C8300EA9C9D /* Info.plist */ = {isa = PBXFileReference; lastKnownFileType = text.plist.xml; path = Info.plist; sourceTree = "<group>"; };
		A3BF4A721D5F5C8300EA9C9D /* ErrorKingExampleUITests.xctest */ = {isa = PBXFileReference; explicitFileType = wrapper.cfbundle; includeInIndex = 0; path = ErrorKingExampleUITests.xctest; sourceTree = BUILT_PRODUCTS_DIR; };
		A3BF4A761D5F5C8300EA9C9D /* ErrorKingExampleUITests.swift */ = {isa = PBXFileReference; lastKnownFileType = sourcecode.swift; path = ErrorKingExampleUITests.swift; sourceTree = "<group>"; };
		A3BF4A781D5F5C8300EA9C9D /* Info.plist */ = {isa = PBXFileReference; lastKnownFileType = text.plist.xml; path = Info.plist; sourceTree = "<group>"; };
		A3BF4A841D5F5C9100EA9C9D /* ErrorProne.swift */ = {isa = PBXFileReference; fileEncoding = 4; lastKnownFileType = sourcecode.swift; path = ErrorProne.swift; sourceTree = "<group>"; };
		A3BF4A861D5F6E4500EA9C9D /* ErrorKingEmptyStateView.xib */ = {isa = PBXFileReference; fileEncoding = 4; lastKnownFileType = file.xib; path = ErrorKingEmptyStateView.xib; sourceTree = "<group>"; };
		A3BF4A871D5F6E4500EA9C9D /* ErrorKingEmptyStateView.swift */ = {isa = PBXFileReference; fileEncoding = 4; lastKnownFileType = sourcecode.swift; path = ErrorKingEmptyStateView.swift; sourceTree = "<group>"; };
		A3BF4A8A1D5F6F8B00EA9C9D /* ErrorKingAlertController.swift */ = {isa = PBXFileReference; fileEncoding = 4; lastKnownFileType = sourcecode.swift; path = ErrorKingAlertController.swift; sourceTree = "<group>"; };
/* End PBXFileReference section */

/* Begin PBXFrameworksBuildPhase section */
		A3BF4A501D5F5C8300EA9C9D /* Frameworks */ = {
			isa = PBXFrameworksBuildPhase;
			buildActionMask = 2147483647;
			files = (
			);
			runOnlyForDeploymentPostprocessing = 0;
		};
		A3BF4A641D5F5C8300EA9C9D /* Frameworks */ = {
			isa = PBXFrameworksBuildPhase;
			buildActionMask = 2147483647;
			files = (
			);
			runOnlyForDeploymentPostprocessing = 0;
		};
		A3BF4A6F1D5F5C8300EA9C9D /* Frameworks */ = {
			isa = PBXFrameworksBuildPhase;
			buildActionMask = 2147483647;
			files = (
			);
			runOnlyForDeploymentPostprocessing = 0;
		};
/* End PBXFrameworksBuildPhase section */

/* Begin PBXGroup section */
		A3BF4A4A1D5F5C8300EA9C9D = {
			isa = PBXGroup;
			children = (
				A3BF4A551D5F5C8300EA9C9D /* ErrorKingExample */,
				A3BF4A6A1D5F5C8300EA9C9D /* ErrorKingExampleTests */,
				A3BF4A751D5F5C8300EA9C9D /* ErrorKingExampleUITests */,
				A3BF4A541D5F5C8300EA9C9D /* Products */,
			);
			sourceTree = "<group>";
		};
		A3BF4A541D5F5C8300EA9C9D /* Products */ = {
			isa = PBXGroup;
			children = (
				A3BF4A531D5F5C8300EA9C9D /* ErrorKingExample.app */,
				A3BF4A671D5F5C8300EA9C9D /* ErrorKingExampleTests.xctest */,
				A3BF4A721D5F5C8300EA9C9D /* ErrorKingExampleUITests.xctest */,
			);
			name = Products;
			sourceTree = "<group>";
		};
		A3BF4A551D5F5C8300EA9C9D /* ErrorKingExample */ = {
			isa = PBXGroup;
			children = (
				A3BF4A561D5F5C8300EA9C9D /* AppDelegate.swift */,
				A3BF4A581D5F5C8300EA9C9D /* ViewController.swift */,
				A3BF4A841D5F5C9100EA9C9D /* ErrorProne.swift */,
				A31D4A641D5FD6EA009E82F3 /* ErrorKing.swift */,
				A31D4A621D5FD690009E82F3 /* ErrorKingNibLoadeable.swift */,
				A3BF4A861D5F6E4500EA9C9D /* ErrorKingEmptyStateView.xib */,
				A3BF4A871D5F6E4500EA9C9D /* ErrorKingEmptyStateView.swift */,
				A3BF4A8A1D5F6F8B00EA9C9D /* ErrorKingAlertController.swift */,
				A3BF4A5A1D5F5C8300EA9C9D /* Main.storyboard */,
				A3BF4A5D1D5F5C8300EA9C9D /* Assets.xcassets */,
				A3BF4A5F1D5F5C8300EA9C9D /* LaunchScreen.storyboard */,
				A3BF4A621D5F5C8300EA9C9D /* Info.plist */,
			);
			path = ErrorKingExample;
			sourceTree = "<group>";
		};
		A3BF4A6A1D5F5C8300EA9C9D /* ErrorKingExampleTests */ = {
			isa = PBXGroup;
			children = (
				A3BF4A6B1D5F5C8300EA9C9D /* ErrorKingExampleTests.swift */,
				A3BF4A6D1D5F5C8300EA9C9D /* Info.plist */,
			);
			path = ErrorKingExampleTests;
			sourceTree = "<group>";
		};
		A3BF4A751D5F5C8300EA9C9D /* ErrorKingExampleUITests */ = {
			isa = PBXGroup;
			children = (
				A3BF4A761D5F5C8300EA9C9D /* ErrorKingExampleUITests.swift */,
				A3BF4A781D5F5C8300EA9C9D /* Info.plist */,
			);
			path = ErrorKingExampleUITests;
			sourceTree = "<group>";
		};
/* End PBXGroup section */

/* Begin PBXNativeTarget section */
		A3BF4A521D5F5C8300EA9C9D /* ErrorKingExample */ = {
			isa = PBXNativeTarget;
			buildConfigurationList = A3BF4A7B1D5F5C8300EA9C9D /* Build configuration list for PBXNativeTarget "ErrorKingExample" */;
			buildPhases = (
				A3BF4A4F1D5F5C8300EA9C9D /* Sources */,
				A3BF4A501D5F5C8300EA9C9D /* Frameworks */,
				A3BF4A511D5F5C8300EA9C9D /* Resources */,
			);
			buildRules = (
			);
			dependencies = (
			);
			name = ErrorKingExample;
			productName = ErrorKingExample;
			productReference = A3BF4A531D5F5C8300EA9C9D /* ErrorKingExample.app */;
			productType = "com.apple.product-type.application";
		};
		A3BF4A661D5F5C8300EA9C9D /* ErrorKingExampleTests */ = {
			isa = PBXNativeTarget;
			buildConfigurationList = A3BF4A7E1D5F5C8300EA9C9D /* Build configuration list for PBXNativeTarget "ErrorKingExampleTests" */;
			buildPhases = (
				A3BF4A631D5F5C8300EA9C9D /* Sources */,
				A3BF4A641D5F5C8300EA9C9D /* Frameworks */,
				A3BF4A651D5F5C8300EA9C9D /* Resources */,
			);
			buildRules = (
			);
			dependencies = (
				A3BF4A691D5F5C8300EA9C9D /* PBXTargetDependency */,
			);
			name = ErrorKingExampleTests;
			productName = ErrorKingExampleTests;
			productReference = A3BF4A671D5F5C8300EA9C9D /* ErrorKingExampleTests.xctest */;
			productType = "com.apple.product-type.bundle.unit-test";
		};
		A3BF4A711D5F5C8300EA9C9D /* ErrorKingExampleUITests */ = {
			isa = PBXNativeTarget;
			buildConfigurationList = A3BF4A811D5F5C8300EA9C9D /* Build configuration list for PBXNativeTarget "ErrorKingExampleUITests" */;
			buildPhases = (
				A3BF4A6E1D5F5C8300EA9C9D /* Sources */,
				A3BF4A6F1D5F5C8300EA9C9D /* Frameworks */,
				A3BF4A701D5F5C8300EA9C9D /* Resources */,
			);
			buildRules = (
			);
			dependencies = (
				A3BF4A741D5F5C8300EA9C9D /* PBXTargetDependency */,
			);
			name = ErrorKingExampleUITests;
			productName = ErrorKingExampleUITests;
			productReference = A3BF4A721D5F5C8300EA9C9D /* ErrorKingExampleUITests.xctest */;
			productType = "com.apple.product-type.bundle.ui-testing";
		};
/* End PBXNativeTarget section */

/* Begin PBXProject section */
		A3BF4A4B1D5F5C8300EA9C9D /* Project object */ = {
			isa = PBXProject;
			attributes = {
				LastSwiftUpdateCheck = 0730;
				LastUpgradeCheck = 0730;
				ORGANIZATIONNAME = "Bruno Rocha";
				TargetAttributes = {
					A3BF4A521D5F5C8300EA9C9D = {
						CreatedOnToolsVersion = 7.3.1;
					};
					A3BF4A661D5F5C8300EA9C9D = {
						CreatedOnToolsVersion = 7.3.1;
						TestTargetID = A3BF4A521D5F5C8300EA9C9D;
					};
					A3BF4A711D5F5C8300EA9C9D = {
						CreatedOnToolsVersion = 7.3.1;
						TestTargetID = A3BF4A521D5F5C8300EA9C9D;
					};
				};
			};
			buildConfigurationList = A3BF4A4E1D5F5C8300EA9C9D /* Build configuration list for PBXProject "ErrorKingExample" */;
			compatibilityVersion = "Xcode 3.2";
			developmentRegion = English;
			hasScannedForEncodings = 0;
			knownRegions = (
				en,
				Base,
			);
			mainGroup = A3BF4A4A1D5F5C8300EA9C9D;
			productRefGroup = A3BF4A541D5F5C8300EA9C9D /* Products */;
			projectDirPath = "";
			projectRoot = "";
			targets = (
				A3BF4A521D5F5C8300EA9C9D /* ErrorKingExample */,
				A3BF4A661D5F5C8300EA9C9D /* ErrorKingExampleTests */,
				A3BF4A711D5F5C8300EA9C9D /* ErrorKingExampleUITests */,
			);
		};
/* End PBXProject section */

/* Begin PBXResourcesBuildPhase section */
		A3BF4A511D5F5C8300EA9C9D /* Resources */ = {
			isa = PBXResourcesBuildPhase;
			buildActionMask = 2147483647;
			files = (
				A3BF4A611D5F5C8300EA9C9D /* LaunchScreen.storyboard in Resources */,
				A3BF4A5E1D5F5C8300EA9C9D /* Assets.xcassets in Resources */,
				A3BF4A5C1D5F5C8300EA9C9D /* Main.storyboard in Resources */,
				A3BF4A881D5F6E4500EA9C9D /* ErrorKingEmptyStateView.xib in Resources */,
			);
			runOnlyForDeploymentPostprocessing = 0;
		};
		A3BF4A651D5F5C8300EA9C9D /* Resources */ = {
			isa = PBXResourcesBuildPhase;
			buildActionMask = 2147483647;
			files = (
			);
			runOnlyForDeploymentPostprocessing = 0;
		};
		A3BF4A701D5F5C8300EA9C9D /* Resources */ = {
			isa = PBXResourcesBuildPhase;
			buildActionMask = 2147483647;
			files = (
			);
			runOnlyForDeploymentPostprocessing = 0;
		};
/* End PBXResourcesBuildPhase section */

/* Begin PBXSourcesBuildPhase section */
		A3BF4A4F1D5F5C8300EA9C9D /* Sources */ = {
			isa = PBXSourcesBuildPhase;
			buildActionMask = 2147483647;
			files = (
				A3BF4A591D5F5C8300EA9C9D /* ViewController.swift in Sources */,
				A3BF4A571D5F5C8300EA9C9D /* AppDelegate.swift in Sources */,
				A3BF4A8B1D5F6F8B00EA9C9D /* ErrorKingAlertController.swift in Sources */,
				A31D4A631D5FD690009E82F3 /* ErrorKingNibLoadeable.swift in Sources */,
				A3BF4A891D5F6E4500EA9C9D /* ErrorKingEmptyStateView.swift in Sources */,
				A31D4A611D5FD2CC009E82F3 /* ErrorProne.swift in Sources */,
				A31D4A651D5FD6EA009E82F3 /* ErrorKing.swift in Sources */,
			);
			runOnlyForDeploymentPostprocessing = 0;
		};
		A3BF4A631D5F5C8300EA9C9D /* Sources */ = {
			isa = PBXSourcesBuildPhase;
			buildActionMask = 2147483647;
			files = (
				A3BF4A6C1D5F5C8300EA9C9D /* ErrorKingExampleTests.swift in Sources */,
			);
			runOnlyForDeploymentPostprocessing = 0;
		};
		A3BF4A6E1D5F5C8300EA9C9D /* Sources */ = {
			isa = PBXSourcesBuildPhase;
			buildActionMask = 2147483647;
			files = (
				A3BF4A771D5F5C8300EA9C9D /* ErrorKingExampleUITests.swift in Sources */,
			);
			runOnlyForDeploymentPostprocessing = 0;
		};
/* End PBXSourcesBuildPhase section */

/* Begin PBXTargetDependency section */
		A3BF4A691D5F5C8300EA9C9D /* PBXTargetDependency */ = {
			isa = PBXTargetDependency;
			target = A3BF4A521D5F5C8300EA9C9D /* ErrorKingExample */;
			targetProxy = A3BF4A681D5F5C8300EA9C9D /* PBXContainerItemProxy */;
		};
		A3BF4A741D5F5C8300EA9C9D /* PBXTargetDependency */ = {
			isa = PBXTargetDependency;
			target = A3BF4A521D5F5C8300EA9C9D /* ErrorKingExample */;
			targetProxy = A3BF4A731D5F5C8300EA9C9D /* PBXContainerItemProxy */;
		};
/* End PBXTargetDependency section */

/* Begin PBXVariantGroup section */
		A3BF4A5A1D5F5C8300EA9C9D /* Main.storyboard */ = {
			isa = PBXVariantGroup;
			children = (
				A3BF4A5B1D5F5C8300EA9C9D /* Base */,
			);
			name = Main.storyboard;
			sourceTree = "<group>";
		};
		A3BF4A5F1D5F5C8300EA9C9D /* LaunchScreen.storyboard */ = {
			isa = PBXVariantGroup;
			children = (
				A3BF4A601D5F5C8300EA9C9D /* Base */,
			);
			name = LaunchScreen.storyboard;
			sourceTree = "<group>";
		};
/* End PBXVariantGroup section */

/* Begin XCBuildConfiguration section */
		A3BF4A791D5F5C8300EA9C9D /* Debug */ = {
			isa = XCBuildConfiguration;
			buildSettings = {
				ALWAYS_SEARCH_USER_PATHS = NO;
				CLANG_ANALYZER_NONNULL = YES;
				CLANG_CXX_LANGUAGE_STANDARD = "gnu++0x";
				CLANG_CXX_LIBRARY = "libc++";
				CLANG_ENABLE_MODULES = YES;
				CLANG_ENABLE_OBJC_ARC = YES;
				CLANG_WARN_BOOL_CONVERSION = YES;
				CLANG_WARN_CONSTANT_CONVERSION = YES;
				CLANG_WARN_DIRECT_OBJC_ISA_USAGE = YES_ERROR;
				CLANG_WARN_EMPTY_BODY = YES;
				CLANG_WARN_ENUM_CONVERSION = YES;
				CLANG_WARN_INT_CONVERSION = YES;
				CLANG_WARN_OBJC_ROOT_CLASS = YES_ERROR;
				CLANG_WARN_UNREACHABLE_CODE = YES;
				CLANG_WARN__DUPLICATE_METHOD_MATCH = YES;
				"CODE_SIGN_IDENTITY[sdk=iphoneos*]" = "iPhone Developer";
				COPY_PHASE_STRIP = NO;
				DEBUG_INFORMATION_FORMAT = dwarf;
				ENABLE_STRICT_OBJC_MSGSEND = YES;
				ENABLE_TESTABILITY = YES;
				GCC_C_LANGUAGE_STANDARD = gnu99;
				GCC_DYNAMIC_NO_PIC = NO;
				GCC_NO_COMMON_BLOCKS = YES;
				GCC_OPTIMIZATION_LEVEL = 0;
				GCC_PREPROCESSOR_DEFINITIONS = (
					"DEBUG=1",
					"$(inherited)",
				);
				GCC_WARN_64_TO_32_BIT_CONVERSION = YES;
				GCC_WARN_ABOUT_RETURN_TYPE = YES_ERROR;
				GCC_WARN_UNDECLARED_SELECTOR = YES;
				GCC_WARN_UNINITIALIZED_AUTOS = YES_AGGRESSIVE;
				GCC_WARN_UNUSED_FUNCTION = YES;
				GCC_WARN_UNUSED_VARIABLE = YES;
				IPHONEOS_DEPLOYMENT_TARGET = 9.3;
				MTL_ENABLE_DEBUG_INFO = YES;
				ONLY_ACTIVE_ARCH = YES;
				SDKROOT = iphoneos;
				SWIFT_OPTIMIZATION_LEVEL = "-Onone";
				TARGETED_DEVICE_FAMILY = "1,2";
			};
			name = Debug;
		};
		A3BF4A7A1D5F5C8300EA9C9D /* Release */ = {
			isa = XCBuildConfiguration;
			buildSettings = {
				ALWAYS_SEARCH_USER_PATHS = NO;
				CLANG_ANALYZER_NONNULL = YES;
				CLANG_CXX_LANGUAGE_STANDARD = "gnu++0x";
				CLANG_CXX_LIBRARY = "libc++";
				CLANG_ENABLE_MODULES = YES;
				CLANG_ENABLE_OBJC_ARC = YES;
				CLANG_WARN_BOOL_CONVERSION = YES;
				CLANG_WARN_CONSTANT_CONVERSION = YES;
				CLANG_WARN_DIRECT_OBJC_ISA_USAGE = YES_ERROR;
				CLANG_WARN_EMPTY_BODY = YES;
				CLANG_WARN_ENUM_CONVERSION = YES;
				CLANG_WARN_INT_CONVERSION = YES;
				CLANG_WARN_OBJC_ROOT_CLASS = YES_ERROR;
				CLANG_WARN_UNREACHABLE_CODE = YES;
				CLANG_WARN__DUPLICATE_METHOD_MATCH = YES;
				"CODE_SIGN_IDENTITY[sdk=iphoneos*]" = "iPhone Developer";
				COPY_PHASE_STRIP = NO;
				DEBUG_INFORMATION_FORMAT = "dwarf-with-dsym";
				ENABLE_NS_ASSERTIONS = NO;
				ENABLE_STRICT_OBJC_MSGSEND = YES;
				GCC_C_LANGUAGE_STANDARD = gnu99;
				GCC_NO_COMMON_BLOCKS = YES;
				GCC_WARN_64_TO_32_BIT_CONVERSION = YES;
				GCC_WARN_ABOUT_RETURN_TYPE = YES_ERROR;
				GCC_WARN_UNDECLARED_SELECTOR = YES;
				GCC_WARN_UNINITIALIZED_AUTOS = YES_AGGRESSIVE;
				GCC_WARN_UNUSED_FUNCTION = YES;
				GCC_WARN_UNUSED_VARIABLE = YES;
				IPHONEOS_DEPLOYMENT_TARGET = 9.3;
				MTL_ENABLE_DEBUG_INFO = NO;
				SDKROOT = iphoneos;
				TARGETED_DEVICE_FAMILY = "1,2";
				VALIDATE_PRODUCT = YES;
			};
			name = Release;
		};
		A3BF4A7C1D5F5C8300EA9C9D /* Debug */ = {
			isa = XCBuildConfiguration;
			buildSettings = {
				ASSETCATALOG_COMPILER_APPICON_NAME = AppIcon;
				INFOPLIST_FILE = ErrorKingExample/Info.plist;
				LD_RUNPATH_SEARCH_PATHS = "$(inherited) @executable_path/Frameworks";
				PRODUCT_BUNDLE_IDENTIFIER = com.skeletonapocalypse.ErrorKingExample;
				PRODUCT_NAME = "$(TARGET_NAME)";
			};
			name = Debug;
		};
		A3BF4A7D1D5F5C8300EA9C9D /* Release */ = {
			isa = XCBuildConfiguration;
			buildSettings = {
				ASSETCATALOG_COMPILER_APPICON_NAME = AppIcon;
				INFOPLIST_FILE = ErrorKingExample/Info.plist;
				LD_RUNPATH_SEARCH_PATHS = "$(inherited) @executable_path/Frameworks";
				PRODUCT_BUNDLE_IDENTIFIER = com.skeletonapocalypse.ErrorKingExample;
				PRODUCT_NAME = "$(TARGET_NAME)";
			};
			name = Release;
		};
		A3BF4A7F1D5F5C8300EA9C9D /* Debug */ = {
			isa = XCBuildConfiguration;
			buildSettings = {
				BUNDLE_LOADER = "$(TEST_HOST)";
				INFOPLIST_FILE = ErrorKingExampleTests/Info.plist;
				LD_RUNPATH_SEARCH_PATHS = "$(inherited) @executable_path/Frameworks @loader_path/Frameworks";
				PRODUCT_BUNDLE_IDENTIFIER = com.skeletonapocalypse.ErrorKingExampleTests;
				PRODUCT_NAME = "$(TARGET_NAME)";
				TEST_HOST = "$(BUILT_PRODUCTS_DIR)/ErrorKingExample.app/ErrorKingExample";
			};
			name = Debug;
		};
		A3BF4A801D5F5C8300EA9C9D /* Release */ = {
			isa = XCBuildConfiguration;
			buildSettings = {
				BUNDLE_LOADER = "$(TEST_HOST)";
				INFOPLIST_FILE = ErrorKingExampleTests/Info.plist;
				LD_RUNPATH_SEARCH_PATHS = "$(inherited) @executable_path/Frameworks @loader_path/Frameworks";
				PRODUCT_BUNDLE_IDENTIFIER = com.skeletonapocalypse.ErrorKingExampleTests;
				PRODUCT_NAME = "$(TARGET_NAME)";
				TEST_HOST = "$(BUILT_PRODUCTS_DIR)/ErrorKingExample.app/ErrorKingExample";
			};
			name = Release;
		};
		A3BF4A821D5F5C8300EA9C9D /* Debug */ = {
			isa = XCBuildConfiguration;
			buildSettings = {
				INFOPLIST_FILE = ErrorKingExampleUITests/Info.plist;
				LD_RUNPATH_SEARCH_PATHS = "$(inherited) @executable_path/Frameworks @loader_path/Frameworks";
				PRODUCT_BUNDLE_IDENTIFIER = com.skeletonapocalypse.ErrorKingExampleUITests;
				PRODUCT_NAME = "$(TARGET_NAME)";
				TEST_TARGET_NAME = ErrorKingExample;
			};
			name = Debug;
		};
		A3BF4A831D5F5C8300EA9C9D /* Release */ = {
			isa = XCBuildConfiguration;
			buildSettings = {
				INFOPLIST_FILE = ErrorKingExampleUITests/Info.plist;
				LD_RUNPATH_SEARCH_PATHS = "$(inherited) @executable_path/Frameworks @loader_path/Frameworks";
				PRODUCT_BUNDLE_IDENTIFIER = com.skeletonapocalypse.ErrorKingExampleUITests;
				PRODUCT_NAME = "$(TARGET_NAME)";
				TEST_TARGET_NAME = ErrorKingExample;
			};
			name = Release;
		};
/* End XCBuildConfiguration section */

/* Begin XCConfigurationList section */
		A3BF4A4E1D5F5C8300EA9C9D /* Build configuration list for PBXProject "ErrorKingExample" */ = {
			isa = XCConfigurationList;
			buildConfigurations = (
				A3BF4A791D5F5C8300EA9C9D /* Debug */,
				A3BF4A7A1D5F5C8300EA9C9D /* Release */,
			);
			defaultConfigurationIsVisible = 0;
			defaultConfigurationName = Release;
		};
		A3BF4A7B1D5F5C8300EA9C9D /* Build configuration list for PBXNativeTarget "ErrorKingExample" */ = {
			isa = XCConfigurationList;
			buildConfigurations = (
				A3BF4A7C1D5F5C8300EA9C9D /* Debug */,
				A3BF4A7D1D5F5C8300EA9C9D /* Release */,
			);
			defaultConfigurationIsVisible = 0;
			defaultConfigurationName = Release;
		};
		A3BF4A7E1D5F5C8300EA9C9D /* Build configuration list for PBXNativeTarget "ErrorKingExampleTests" */ = {
			isa = XCConfigurationList;
			buildConfigurations = (
				A3BF4A7F1D5F5C8300EA9C9D /* Debug */,
				A3BF4A801D5F5C8300EA9C9D /* Release */,
			);
			defaultConfigurationIsVisible = 0;
			defaultConfigurationName = Release;
		};
		A3BF4A811D5F5C8300EA9C9D /* Build configuration list for PBXNativeTarget "ErrorKingExampleUITests" */ = {
			isa = XCConfigurationList;
			buildConfigurations = (
				A3BF4A821D5F5C8300EA9C9D /* Debug */,
				A3BF4A831D5F5C8300EA9C9D /* Release */,
			);
			defaultConfigurationIsVisible = 0;
			defaultConfigurationName = Release;
		};
/* End XCConfigurationList section */
	};
	rootObject = A3BF4A4B1D5F5C8300EA9C9D /* Project object */;
}
